
Microsoft Visual Studio Solution File, Format Version 12.00
# Visual Studio Version 16
VisualStudioVersion = 16.0.31605.320
MinimumVisualStudioVersion = 10.0.40219.1
Project("{8BC9CEB8-8B4A-11D0-8D11-00A0C91BC942}") = "SK-Lib-math.h-isgreater-Bagian5__C", "SK-Lib-math.h-isgreater-Bagian5__C\SK-Lib-math.h-isgreater-Bagian5__C.vcxproj", "{74BC9F06-FF5F-493A-A733-67E7B240DAD6}"
EndProject
Global
	GlobalSection(SolutionConfigurationPlatforms) = preSolution
		Debug|x64 = Debug|x64
		Debug|x86 = Debug|x86
		Release|x64 = Release|x64
		Release|x86 = Release|x86
	EndGlobalSection
	GlobalSection(ProjectConfigurationPlatforms) = postSolution
		{74BC9F06-FF5F-493A-A733-67E7B240DAD6}.Debug|x64.ActiveCfg = Debug|x64
		{74BC9F06-FF5F-493A-A733-67E7B240DAD6}.Debug|x64.Build.0 = Debug|x64
		{74BC9F06-FF5F-493A-A733-67E7B240DAD6}.Debug|x86.ActiveCfg = Debug|Win32
		{74BC9F06-FF5F-493A-A733-67E7B240DAD6}.Debug|x86.Build.0 = Debug|Win32
		{74BC9F06-FF5F-493A-A733-67E7B240DAD6}.Release|x64.ActiveCfg = Release|x64
		{74BC9F06-FF5F-493A-A733-67E7B240DAD6}.Release|x64.Build.0 = Release|x64
		{74BC9F06-FF5F-493A-A733-67E7B240DAD6}.Release|x86.ActiveCfg = Release|Win32
		{74BC9F06-FF5F-493A-A733-67E7B240DAD6}.Release|x86.Build.0 = Release|Win32
	EndGlobalSection
	GlobalSection(SolutionProperties) = preSolution
		HideSolutionNode = FALSE
	EndGlobalSection
	GlobalSection(ExtensibilityGlobals) = postSolution
		SolutionGuid = {2040349D-614F-4272-BFF9-13D7DB0C6A9A}
	EndGlobalSection
EndGlobal
